
Microsoft Visual Studio Solution File, Format Version 12.00
# Visual Studio Version 17
VisualStudioVersion = 17.1.32319.34
MinimumVisualStudioVersion = 10.0.40219.1
Project("{FAE04EC0-301F-11D3-BF4B-00C04F79EFBC}") = "MyMovieCatalog", "MyMovieCatalog\MyMovieCatalog.csproj", "{72B68FF3-AEC4-4514-9BF8-C27DC9A538FC}"
EndProject
Global
	GlobalSection(SolutionConfigurationPlatforms) = preSolution
		Debug|Any CPU = Debug|Any CPU
		Release|Any CPU = Release|Any CPU
	EndGlobalSection
	GlobalSection(ProjectConfigurationPlatforms) = postSolution
		{72B68FF3-AEC4-4514-9BF8-C27DC9A538FC}.Debug|Any CPU.ActiveCfg = Debug|Any CPU
		{72B68FF3-AEC4-4514-9BF8-C27DC9A538FC}.Debug|Any CPU.Build.0 = Debug|Any CPU
		{72B68FF3-AEC4-4514-9BF8-C27DC9A538FC}.Release|Any CPU.ActiveCfg = Release|Any CPU
		{72B68FF3-AEC4-4514-9BF8-C27DC9A538FC}.Release|Any CPU.Build.0 = Release|Any CPU
	EndGlobalSection
	GlobalSection(SolutionProperties) = preSolution
		HideSolutionNode = FALSE
	EndGlobalSection
	GlobalSection(ExtensibilityGlobals) = postSolution
		SolutionGuid = {881DCBF1-A218-4447-A2C4-D86A3742D73B}
	EndGlobalSection
EndGlobal
